
Microsoft Visual Studio Solution File, Format Version 12.00
# Visual Studio Version 17
VisualStudioVersion = 17.14.36518.9 d17.14
MinimumVisualStudioVersion = 10.0.40219.1
Project("{FAE04EC0-301F-11D3-BF4B-00C04F79EFBC}") = "WebApplication1", "WebApplication1\WebApplication1.csproj", "{7A8F06A2-A445-4A89-BFF6-94AF5281679F}"
EndProject
Global
	GlobalSection(SolutionConfigurationPlatforms) = preSolution
		Debug|Any CPU = Debug|Any CPU
		Release|Any CPU = Release|Any CPU
	EndGlobalSection
	GlobalSection(ProjectConfigurationPlatforms) = postSolution
		{7A8F06A2-A445-4A89-BFF6-94AF5281679F}.Debug|Any CPU.ActiveCfg = Debug|Any CPU
		{7A8F06A2-A445-4A89-BFF6-94AF5281679F}.Debug|Any CPU.Build.0 = Debug|Any CPU
		{7A8F06A2-A445-4A89-BFF6-94AF5281679F}.Release|Any CPU.ActiveCfg = Release|Any CPU
		{7A8F06A2-A445-4A89-BFF6-94AF5281679F}.Release|Any CPU.Build.0 = Release|Any CPU
	EndGlobalSection
	GlobalSection(SolutionProperties) = preSolution
		HideSolutionNode = FALSE
	EndGlobalSection
	GlobalSection(ExtensibilityGlobals) = postSolution
		SolutionGuid = {35EFE59D-D120-46B3-A0A5-989B7DCAD11A}
	EndGlobalSection
EndGlobal
